
Microsoft Visual Studio Solution File, Format Version 12.00
# Visual Studio Version 16
VisualStudioVersion = 16.0.31005.135
MinimumVisualStudioVersion = 10.0.40219.1
Project("{FAE04EC0-301F-11D3-BF4B-00C04F79EFBC}") = "ArrayNameSearch", "ArrayNameSearch\ArrayNameSearch.csproj", "{01292074-12B1-4DE7-8B2C-D297C66C9B21}"
EndProject
Global
	GlobalSection(SolutionConfigurationPlatforms) = preSolution
		Debug|Any CPU = Debug|Any CPU
		Release|Any CPU = Release|Any CPU
	EndGlobalSection
	GlobalSection(ProjectConfigurationPlatforms) = postSolution
		{01292074-12B1-4DE7-8B2C-D297C66C9B21}.Debug|Any CPU.ActiveCfg = Debug|Any CPU
		{01292074-12B1-4DE7-8B2C-D297C66C9B21}.Debug|Any CPU.Build.0 = Debug|Any CPU
		{01292074-12B1-4DE7-8B2C-D297C66C9B21}.Release|Any CPU.ActiveCfg = Release|Any CPU
		{01292074-12B1-4DE7-8B2C-D297C66C9B21}.Release|Any CPU.Build.0 = Release|Any CPU
	EndGlobalSection
	GlobalSection(SolutionProperties) = preSolution
		HideSolutionNode = FALSE
	EndGlobalSection
	GlobalSection(ExtensibilityGlobals) = postSolution
		SolutionGuid = {462E68E2-E252-475C-A410-797BF3DC5EEF}
	EndGlobalSection
EndGlobal
