
Microsoft Visual Studio Solution File, Format Version 12.00
# Visual Studio Version 16
VisualStudioVersion = 16.0.30804.86
MinimumVisualStudioVersion = 10.0.40219.1
Project("{FAE04EC0-301F-11D3-BF4B-00C04F79EFBC}") = "PenniesForPay", "PenniesForPay\PenniesForPay.csproj", "{E792BFC4-8857-4C64-8D43-E00387189077}"
EndProject
Global
	GlobalSection(SolutionConfigurationPlatforms) = preSolution
		Debug|Any CPU = Debug|Any CPU
		Release|Any CPU = Release|Any CPU
	EndGlobalSection
	GlobalSection(ProjectConfigurationPlatforms) = postSolution
		{E792BFC4-8857-4C64-8D43-E00387189077}.Debug|Any CPU.ActiveCfg = Debug|Any CPU
		{E792BFC4-8857-4C64-8D43-E00387189077}.Debug|Any CPU.Build.0 = Debug|Any CPU
		{E792BFC4-8857-4C64-8D43-E00387189077}.Release|Any CPU.ActiveCfg = Release|Any CPU
		{E792BFC4-8857-4C64-8D43-E00387189077}.Release|Any CPU.Build.0 = Release|Any CPU
	EndGlobalSection
	GlobalSection(SolutionProperties) = preSolution
		HideSolutionNode = FALSE
	EndGlobalSection
	GlobalSection(ExtensibilityGlobals) = postSolution
		SolutionGuid = {B5C8604F-0251-4CC1-B89A-FF7993BD2D4A}
	EndGlobalSection
EndGlobal
